
Microsoft Visual Studio Solution File, Format Version 12.00
# Visual Studio 15
VisualStudioVersion = 15.0.28010.2048
MinimumVisualStudioVersion = 10.0.40219.1
Project("{FAE04EC0-301F-11D3-BF4B-00C04F79EFBC}") = "WebTest", "WebTest\WebTest.csproj", "{CCB20758-9E68-4872-A93D-A22FAFEAA5E6}"
EndProject
Project("{FAE04EC0-301F-11D3-BF4B-00C04F79EFBC}") = "CommHelper", "CommHelper\CommHelper.csproj", "{64D9C672-5363-4C33-BA3D-1F370598D254}"
EndProject
Project("{FAE04EC0-301F-11D3-BF4B-00C04F79EFBC}") = "CommHelperTests", "CommHelperTests\CommHelperTests.csproj", "{6CF76ECF-B267-4B56-BB39-87599394FDE6}"
EndProject
Project("{FAE04EC0-301F-11D3-BF4B-00C04F79EFBC}") = "BranchLib", "BranchLib\BranchLib.csproj", "{A804D912-7B9D-4302-A836-6CA0BC4EEB7F}"
EndProject
Project("{FAE04EC0-301F-11D3-BF4B-00C04F79EFBC}") = "SinglePageWeb", "SinglePageWeb\SinglePageWeb.csproj", "{D2CEA41D-7789-4E77-BCA3-C616F0BAF824}"
EndProject
Global
	GlobalSection(SolutionConfigurationPlatforms) = preSolution
		Debug|Any CPU = Debug|Any CPU
		Debug|ARM = Debug|ARM
		Debug|x64 = Debug|x64
		Debug|x86 = Debug|x86
		Release|Any CPU = Release|Any CPU
		Release|ARM = Release|ARM
		Release|x64 = Release|x64
		Release|x86 = Release|x86
	EndGlobalSection
	GlobalSection(ProjectConfigurationPlatforms) = postSolution
		{CCB20758-9E68-4872-A93D-A22FAFEAA5E6}.Debug|Any CPU.ActiveCfg = Debug|Any CPU
		{CCB20758-9E68-4872-A93D-A22FAFEAA5E6}.Debug|Any CPU.Build.0 = Debug|Any CPU
		{CCB20758-9E68-4872-A93D-A22FAFEAA5E6}.Debug|ARM.ActiveCfg = Debug|Any CPU
		{CCB20758-9E68-4872-A93D-A22FAFEAA5E6}.Debug|ARM.Build.0 = Debug|Any CPU
		{CCB20758-9E68-4872-A93D-A22FAFEAA5E6}.Debug|x64.ActiveCfg = Debug|Any CPU
		{CCB20758-9E68-4872-A93D-A22FAFEAA5E6}.Debug|x64.Build.0 = Debug|Any CPU
		{CCB20758-9E68-4872-A93D-A22FAFEAA5E6}.Debug|x86.ActiveCfg = Debug|Any CPU
		{CCB20758-9E68-4872-A93D-A22FAFEAA5E6}.Debug|x86.Build.0 = Debug|Any CPU
		{CCB20758-9E68-4872-A93D-A22FAFEAA5E6}.Release|Any CPU.ActiveCfg = Release|Any CPU
		{CCB20758-9E68-4872-A93D-A22FAFEAA5E6}.Release|Any CPU.Build.0 = Release|Any CPU
		{CCB20758-9E68-4872-A93D-A22FAFEAA5E6}.Release|ARM.ActiveCfg = Release|Any CPU
		{CCB20758-9E68-4872-A93D-A22FAFEAA5E6}.Release|ARM.Build.0 = Release|Any CPU
		{CCB20758-9E68-4872-A93D-A22FAFEAA5E6}.Release|x64.ActiveCfg = Release|Any CPU
		{CCB20758-9E68-4872-A93D-A22FAFEAA5E6}.Release|x64.Build.0 = Release|Any CPU
		{CCB20758-9E68-4872-A93D-A22FAFEAA5E6}.Release|x86.ActiveCfg = Release|Any CPU
		{CCB20758-9E68-4872-A93D-A22FAFEAA5E6}.Release|x86.Build.0 = Release|Any CPU
		{64D9C672-5363-4C33-BA3D-1F370598D254}.Debug|Any CPU.ActiveCfg = Debug|Any CPU
		{64D9C672-5363-4C33-BA3D-1F370598D254}.Debug|Any CPU.Build.0 = Debug|Any CPU
		{64D9C672-5363-4C33-BA3D-1F370598D254}.Debug|ARM.ActiveCfg = Debug|Any CPU
		{64D9C672-5363-4C33-BA3D-1F370598D254}.Debug|ARM.Build.0 = Debug|Any CPU
		{64D9C672-5363-4C33-BA3D-1F370598D254}.Debug|x64.ActiveCfg = Debug|Any CPU
		{64D9C672-5363-4C33-BA3D-1F370598D254}.Debug|x64.Build.0 = Debug|Any CPU
		{64D9C672-5363-4C33-BA3D-1F370598D254}.Debug|x86.ActiveCfg = Debug|Any CPU
		{64D9C672-5363-4C33-BA3D-1F370598D254}.Debug|x86.Build.0 = Debug|Any CPU
		{64D9C672-5363-4C33-BA3D-1F370598D254}.Release|Any CPU.ActiveCfg = Release|Any CPU
		{64D9C672-5363-4C33-BA3D-1F370598D254}.Release|Any CPU.Build.0 = Release|Any CPU
		{64D9C672-5363-4C33-BA3D-1F370598D254}.Release|ARM.ActiveCfg = Release|Any CPU
		{64D9C672-5363-4C33-BA3D-1F370598D254}.Release|ARM.Build.0 = Release|Any CPU
		{64D9C672-5363-4C33-BA3D-1F370598D254}.Release|x64.ActiveCfg = Release|Any CPU
		{64D9C672-5363-4C33-BA3D-1F370598D254}.Release|x64.Build.0 = Release|Any CPU
		{64D9C672-5363-4C33-BA3D-1F370598D254}.Release|x86.ActiveCfg = Release|Any CPU
		{64D9C672-5363-4C33-BA3D-1F370598D254}.Release|x86.Build.0 = Release|Any CPU
		{6CF76ECF-B267-4B56-BB39-87599394FDE6}.Debug|Any CPU.ActiveCfg = Debug|Any CPU
		{6CF76ECF-B267-4B56-BB39-87599394FDE6}.Debug|Any CPU.Build.0 = Debug|Any CPU
		{6CF76ECF-B267-4B56-BB39-87599394FDE6}.Debug|ARM.ActiveCfg = Debug|Any CPU
		{6CF76ECF-B267-4B56-BB39-87599394FDE6}.Debug|ARM.Build.0 = Debug|Any CPU
		{6CF76ECF-B267-4B56-BB39-87599394FDE6}.Debug|x64.ActiveCfg = Debug|Any CPU
		{6CF76ECF-B267-4B56-BB39-87599394FDE6}.Debug|x64.Build.0 = Debug|Any CPU
		{6CF76ECF-B267-4B56-BB39-87599394FDE6}.Debug|x86.ActiveCfg = Debug|Any CPU
		{6CF76ECF-B267-4B56-BB39-87599394FDE6}.Debug|x86.Build.0 = Debug|Any CPU
		{6CF76ECF-B267-4B56-BB39-87599394FDE6}.Release|Any CPU.ActiveCfg = Release|Any CPU
		{6CF76ECF-B267-4B56-BB39-87599394FDE6}.Release|Any CPU.Build.0 = Release|Any CPU
		{6CF76ECF-B267-4B56-BB39-87599394FDE6}.Release|ARM.ActiveCfg = Release|Any CPU
		{6CF76ECF-B267-4B56-BB39-87599394FDE6}.Release|ARM.Build.0 = Release|Any CPU
		{6CF76ECF-B267-4B56-BB39-87599394FDE6}.Release|x64.ActiveCfg = Release|Any CPU
		{6CF76ECF-B267-4B56-BB39-87599394FDE6}.Release|x64.Build.0 = Release|Any CPU
		{6CF76ECF-B267-4B56-BB39-87599394FDE6}.Release|x86.ActiveCfg = Release|Any CPU
		{6CF76ECF-B267-4B56-BB39-87599394FDE6}.Release|x86.Build.0 = Release|Any CPU
		{A804D912-7B9D-4302-A836-6CA0BC4EEB7F}.Debug|Any CPU.ActiveCfg = Debug|Any CPU
		{A804D912-7B9D-4302-A836-6CA0BC4EEB7F}.Debug|Any CPU.Build.0 = Debug|Any CPU
		{A804D912-7B9D-4302-A836-6CA0BC4EEB7F}.Debug|ARM.ActiveCfg = Debug|Any CPU
		{A804D912-7B9D-4302-A836-6CA0BC4EEB7F}.Debug|ARM.Build.0 = Debug|Any CPU
		{A804D912-7B9D-4302-A836-6CA0BC4EEB7F}.Debug|x64.ActiveCfg = Debug|Any CPU
		{A804D912-7B9D-4302-A836-6CA0BC4EEB7F}.Debug|x64.Build.0 = Debug|Any CPU
		{A804D912-7B9D-4302-A836-6CA0BC4EEB7F}.Debug|x86.ActiveCfg = Debug|Any CPU
		{A804D912-7B9D-4302-A836-6CA0BC4EEB7F}.Debug|x86.Build.0 = Debug|Any CPU
		{A804D912-7B9D-4302-A836-6CA0BC4EEB7F}.Release|Any CPU.ActiveCfg = Release|Any CPU
		{A804D912-7B9D-4302-A836-6CA0BC4EEB7F}.Release|Any CPU.Build.0 = Release|Any CPU
		{A804D912-7B9D-4302-A836-6CA0BC4EEB7F}.Release|ARM.ActiveCfg = Release|Any CPU
		{A804D912-7B9D-4302-A836-6CA0BC4EEB7F}.Release|ARM.Build.0 = Release|Any CPU
		{A804D912-7B9D-4302-A836-6CA0BC4EEB7F}.Release|x64.ActiveCfg = Release|Any CPU
		{A804D912-7B9D-4302-A836-6CA0BC4EEB7F}.Release|x64.Build.0 = Release|Any CPU
		{A804D912-7B9D-4302-A836-6CA0BC4EEB7F}.Release|x86.ActiveCfg = Release|Any CPU
		{A804D912-7B9D-4302-A836-6CA0BC4EEB7F}.Release|x86.Build.0 = Release|Any CPU
		{D2CEA41D-7789-4E77-BCA3-C616F0BAF824}.Debug|Any CPU.ActiveCfg = Debug|Any CPU
		{D2CEA41D-7789-4E77-BCA3-C616F0BAF824}.Debug|Any CPU.Build.0 = Debug|Any CPU
		{D2CEA41D-7789-4E77-BCA3-C616F0BAF824}.Debug|ARM.ActiveCfg = Debug|Any CPU
		{D2CEA41D-7789-4E77-BCA3-C616F0BAF824}.Debug|ARM.Build.0 = Debug|Any CPU
		{D2CEA41D-7789-4E77-BCA3-C616F0BAF824}.Debug|x64.ActiveCfg = Debug|Any CPU
		{D2CEA41D-7789-4E77-BCA3-C616F0BAF824}.Debug|x64.Build.0 = Debug|Any CPU
		{D2CEA41D-7789-4E77-BCA3-C616F0BAF824}.Debug|x86.ActiveCfg = Debug|Any CPU
		{D2CEA41D-7789-4E77-BCA3-C616F0BAF824}.Debug|x86.Build.0 = Debug|Any CPU
		{D2CEA41D-7789-4E77-BCA3-C616F0BAF824}.Release|Any CPU.ActiveCfg = Release|Any CPU
		{D2CEA41D-7789-4E77-BCA3-C616F0BAF824}.Release|Any CPU.Build.0 = Release|Any CPU
		{D2CEA41D-7789-4E77-BCA3-C616F0BAF824}.Release|ARM.ActiveCfg = Release|Any CPU
		{D2CEA41D-7789-4E77-BCA3-C616F0BAF824}.Release|ARM.Build.0 = Release|Any CPU
		{D2CEA41D-7789-4E77-BCA3-C616F0BAF824}.Release|x64.ActiveCfg = Release|Any CPU
		{D2CEA41D-7789-4E77-BCA3-C616F0BAF824}.Release|x64.Build.0 = Release|Any CPU
		{D2CEA41D-7789-4E77-BCA3-C616F0BAF824}.Release|x86.ActiveCfg = Release|Any CPU
		{D2CEA41D-7789-4E77-BCA3-C616F0BAF824}.Release|x86.Build.0 = Release|Any CPU
	EndGlobalSection
	GlobalSection(SolutionProperties) = preSolution
		HideSolutionNode = FALSE
	EndGlobalSection
	GlobalSection(ExtensibilityGlobals) = postSolution
		SolutionGuid = {B5727267-89BF-4DAD-872C-F0311EA4F656}
	EndGlobalSection
EndGlobal
